<Solution>
  <Configurations>
    <Platform Name="x64" />
    <Platform Name="x86" />
  </Configurations>
  <Folder Name="/Solution Items/">
    <File Path="Project1/CollegeList.h" />
    <File Path="Project1/Donation.h" />
    <File Path="Project1/DonationList.cpp" />
    <File Path="Project1/DonationList.h" />
    <File Path="Project1/DonationManager.h" />
  </Folder>
  <Project Path="Project1/Project1.vcxproj" Id="5c2fbad9-3b4a-4295-a576-e7971c24a507" />
</Solution>
